// !$*UTF8*$!
{
	archiveVersion = 1;
	classes = {
	};
	objectVersion = 46;
	objects = {

/* Begin PBXBuildFile section */
		44F620E91B29253D00DF111C /* AppDelegate.swift in Sources */ = {isa = PBXBuildFile; fileRef = 44F620E81B29253D00DF111C /* AppDelegate.swift */; };
		44F620EB1B29253D00DF111C /* ViewController.swift in Sources */ = {isa = PBXBuildFile; fileRef = 44F620EA1B29253D00DF111C /* ViewController.swift */; };
		44F620EE1B29253D00DF111C /* Main.storyboard in Resources */ = {isa = PBXBuildFile; fileRef = 44F620EC1B29253D00DF111C /* Main.storyboard */; };
		44F620F01B29253D00DF111C /* Images.xcassets in Resources */ = {isa = PBXBuildFile; fileRef = 44F620EF1B29253D00DF111C /* Images.xcassets */; };
		44F620F31B29253D00DF111C /* LaunchScreen.xib in Resources */ = {isa = PBXBuildFile; fileRef = 44F620F11B29253D00DF111C /* LaunchScreen.xib */; };
		44F620FF1B29253D00DF111C /* WebViewTests.swift in Sources */ = {isa = PBXBuildFile; fileRef = 44F620FE1B29253D00DF111C /* WebViewTests.swift */; };
		44F621131B292F9000DF111C /* previous-24.png in Resources */ = {isa = PBXBuildFile; fileRef = 44F621121B292F9000DF111C /* previous-24.png */; };
		44F621151B292FB000DF111C /* next-24.png in Resources */ = {isa = PBXBuildFile; fileRef = 44F621141B292FB000DF111C /* next-24.png */; };
/* End PBXBuildFile section */

/* Begin PBXContainerItemProxy section */
		44F620F91B29253D00DF111C /* PBXContainerItemProxy */ = {
			isa = PBXContainerItemProxy;
			containerPortal = 44F620DB1B29253D00DF111C /* Project object */;
			proxyType = 1;
			remoteGlobalIDString = 44F620E21B29253D00DF111C;
			remoteInfo = WebView;
		};
/* End PBXContainerItemProxy section */

/* Begin PBXFileReference section */
		44F620E31B29253D00DF111C /* WebView.app */ = {isa = PBXFileReference; explicitFileType = wrapper.application; includeInIndex = 0; path = WebView.app; sourceTree = BUILT_PRODUCTS_DIR; };
		44F620E71B29253D00DF111C /* Info.plist */ = {isa = PBXFileReference; lastKnownFileType = text.plist.xml; path = Info.plist; sourceTree = "<group>"; };
		44F620E81B29253D00DF111C /* AppDelegate.swift */ = {isa = PBXFileReference; lastKnownFileType = sourcecode.swift; path = AppDelegate.swift; sourceTree = "<group>"; };
		44F620EA1B29253D00DF111C /* ViewController.swift */ = {isa = PBXFileReference; lastKnownFileType = sourcecode.swift; path = ViewController.swift; sourceTree = "<group>"; };
		44F620ED1B29253D00DF111C /* Base */ = {isa = PBXFileReference; lastKnownFileType = file.storyboard; name = Base; path = Base.lproj/Main.storyboard; sourceTree = "<group>"; };
		44F620EF1B29253D00DF111C /* Images.xcassets */ = {isa = PBXFileReference; lastKnownFileType = folder.assetcatalog; path = Images.xcassets; sourceTree = "<group>"; };
		44F620F21B29253D00DF111C /* Base */ = {isa = PBXFileReference; lastKnownFileType = file.xib; name = Base; path = Base.lproj/LaunchScreen.xib; sourceTree = "<group>"; };
		44F620F81B29253D00DF111C /* WebViewTests.xctest */ = {isa = PBXFileReference; explicitFileType = wrapper.cfbundle; includeInIndex = 0; path = WebViewTests.xctest; sourceTree = BUILT_PRODUCTS_DIR; };
		44F620FD1B29253D00DF111C /* Info.plist */ = {isa = PBXFileReference; lastKnownFileType = text.plist.xml; path = Info.plist; sourceTree = "<group>"; };
		44F620FE1B29253D00DF111C /* WebViewTests.swift */ = {isa = PBXFileReference; lastKnownFileType = sourcecode.swift; path = WebViewTests.swift; sourceTree = "<group>"; };
		44F621121B292F9000DF111C /* previous-24.png */ = {isa = PBXFileReference; lastKnownFileType = image.png; path = "previous-24.png"; sourceTree = "<group>"; };
		44F621141B292FB000DF111C /* next-24.png */ = {isa = PBXFileReference; lastKnownFileType = image.png; path = "next-24.png"; sourceTree = "<group>"; };
/* End PBXFileReference section */

/* Begin PBXFrameworksBuildPhase section */
		44F620E01B29253D00DF111C /* Frameworks */ = {
			isa = PBXFrameworksBuildPhase;
			buildActionMask = 2147483647;
			files = (
			);
			runOnlyForDeploymentPostprocessing = 0;
		};
		44F620F51B29253D00DF111C /* Frameworks */ = {
			isa = PBXFrameworksBuildPhase;
			buildActionMask = 2147483647;
			files = (
			);
			runOnlyForDeploymentPostprocessing = 0;
		};
/* End PBXFrameworksBuildPhase section */

/* Begin PBXGroup section */
		44F620DA1B29253D00DF111C = {
			isa = PBXGroup;
			children = (
				44F620E51B29253D00DF111C /* WebView */,
				44F620FB1B29253D00DF111C /* WebViewTests */,
				44F620E41B29253D00DF111C /* Products */,
			);
			sourceTree = "<group>";
		};
		44F620E41B29253D00DF111C /* Products */ = {
			isa = PBXGroup;
			children = (
				44F620E31B29253D00DF111C /* WebView.app */,
				44F620F81B29253D00DF111C /* WebViewTests.xctest */,
			);
			name = Products;
			sourceTree = "<group>";
		};
		44F620E51B29253D00DF111C /* WebView */ = {
			isa = PBXGroup;
			children = (
				44F620E81B29253D00DF111C /* AppDelegate.swift */,
				44F620EA1B29253D00DF111C /* ViewController.swift */,
				44F620EC1B29253D00DF111C /* Main.storyboard */,
				44F620EF1B29253D00DF111C /* Images.xcassets */,
				44F620F11B29253D00DF111C /* LaunchScreen.xib */,
				44F6210D1B292E1C00DF111C /* image */,
				44F620E61B29253D00DF111C /* Supporting Files */,
			);
			path = WebView;
			sourceTree = "<group>";
		};
		44F620E61B29253D00DF111C /* Supporting Files */ = {
			isa = PBXGroup;
			children = (
				44F620E71B29253D00DF111C /* Info.plist */,
			);
			name = "Supporting Files";
			sourceTree = "<group>";
		};
		44F620FB1B29253D00DF111C /* WebViewTests */ = {
			isa = PBXGroup;
			children = (
				44F620FE1B29253D00DF111C /* WebViewTests.swift */,
				44F620FC1B29253D00DF111C /* Supporting Files */,
			);
			path = WebViewTests;
			sourceTree = "<group>";
		};
		44F620FC1B29253D00DF111C /* Supporting Files */ = {
			isa = PBXGroup;
			children = (
				44F620FD1B29253D00DF111C /* Info.plist */,
			);
			name = "Supporting Files";
			sourceTree = "<group>";
		};
		44F6210D1B292E1C00DF111C /* image */ = {
			isa = PBXGroup;
			children = (
				44F621141B292FB000DF111C /* next-24.png */,
				44F621121B292F9000DF111C /* previous-24.png */,
			);
			name = image;
			sourceTree = "<group>";
		};
/* End PBXGroup section */

/* Begin PBXNativeTarget section */
		44F620E21B29253D00DF111C /* WebView */ = {
			isa = PBXNativeTarget;
			buildConfigurationList = 44F621021B29253D00DF111C /* Build configuration list for PBXNativeTarget "WebView" */;
			buildPhases = (
				44F620DF1B29253D00DF111C /* Sources */,
				44F620E01B29253D00DF111C /* Frameworks */,
				44F620E11B29253D00DF111C /* Resources */,
			);
			buildRules = (
			);
			dependencies = (
			);
			name = WebView;
			productName = WebView;
			productReference = 44F620E31B29253D00DF111C /* WebView.app */;
			productType = "com.apple.product-type.application";
		};
		44F620F71B29253D00DF111C /* WebViewTests */ = {
			isa = PBXNativeTarget;
			buildConfigurationList = 44F621051B29253D00DF111C /* Build configuration list for PBXNativeTarget "WebViewTests" */;
			buildPhases = (
				44F620F41B29253D00DF111C /* Sources */,
				44F620F51B29253D00DF111C /* Frameworks */,
				44F620F61B29253D00DF111C /* Resources */,
			);
			buildRules = (
			);
			dependencies = (
				44F620FA1B29253D00DF111C /* PBXTargetDependency */,
			);
			name = WebViewTests;
			productName = WebViewTests;
			productReference = 44F620F81B29253D00DF111C /* WebViewTests.xctest */;
			productType = "com.apple.product-type.bundle.unit-test";
		};
/* End PBXNativeTarget section */

/* Begin PBXProject section */
		44F620DB1B29253D00DF111C /* Project object */ = {
			isa = PBXProject;
			attributes = {
				LastUpgradeCheck = 0630;
				ORGANIZATIONNAME = pomn;
				TargetAttributes = {
					44F620E21B29253D00DF111C = {
						CreatedOnToolsVersion = 6.3.2;
					};
					44F620F71B29253D00DF111C = {
						CreatedOnToolsVersion = 6.3.2;
						TestTargetID = 44F620E21B29253D00DF111C;
					};
				};
			};
			buildConfigurationList = 44F620DE1B29253D00DF111C /* Build configuration list for PBXProject "WebView" */;
			compatibilityVersion = "Xcode 3.2";
			developmentRegion = English;
			hasScannedForEncodings = 0;
			knownRegions = (
				en,
				Base,
			);
			mainGroup = 44F620DA1B29253D00DF111C;
			productRefGroup = 44F620E41B29253D00DF111C /* Products */;
			projectDirPath = "";
			projectRoot = "";
			targets = (
				44F620E21B29253D00DF111C /* WebView */,
				44F620F71B29253D00DF111C /* WebViewTests */,
			);
		};
/* End PBXProject section */

/* Begin PBXResourcesBuildPhase section */
		44F620E11B29253D00DF111C /* Resources */ = {
			isa = PBXResourcesBuildPhase;
			buildActionMask = 2147483647;
			files = (
				44F620EE1B29253D00DF111C /* Main.storyboard in Resources */,
				44F620F31B29253D00DF111C /* LaunchScreen.xib in Resources */,
				44F621131B292F9000DF111C /* previous-24.png in Resources */,
				44F620F01B29253D00DF111C /* Images.xcassets in Resources */,
				44F621151B292FB000DF111C /* next-24.png in Resources */,
			);
			runOnlyForDeploymentPostprocessing = 0;
		};
		44F620F61B29253D00DF111C /* Resources */ = {
			isa = PBXResourcesBuildPhase;
			buildActionMask = 2147483647;
			files = (
			);
			runOnlyForDeploymentPostprocessing = 0;
		};
/* End PBXResourcesBuildPhase section */

/* Begin PBXSourcesBuildPhase section */
		44F620DF1B29253D00DF111C /* Sources */ = {
			isa = PBXSourcesBuildPhase;
			buildActionMask = 2147483647;
			files = (
				44F620EB1B29253D00DF111C /* ViewController.swift in Sources */,
				44F620E91B29253D00DF111C /* AppDelegate.swift in Sources */,
			);
			runOnlyForDeploymentPostprocessing = 0;
		};
		44F620F41B29253D00DF111C /* Sources */ = {
			isa = PBXSourcesBuildPhase;
			buildActionMask = 2147483647;
			files = (
				44F620FF1B29253D00DF111C /* WebViewTests.swift in Sources */,
			);
			runOnlyForDeploymentPostprocessing = 0;
		};
/* End PBXSourcesBuildPhase section */

/* Begin PBXTargetDependency section */
		44F620FA1B29253D00DF111C /* PBXTargetDependency */ = {
			isa = PBXTargetDependency;
			target = 44F620E21B29253D00DF111C /* WebView */;
			targetProxy = 44F620F91B29253D00DF111C /* PBXContainerItemProxy */;
		};
/* End PBXTargetDependency section */

/* Begin PBXVariantGroup section */
		44F620EC1B29253D00DF111C /* Main.storyboard */ = {
			isa = PBXVariantGroup;
			children = (
				44F620ED1B29253D00DF111C /* Base */,
			);
			name = Main.storyboard;
			sourceTree = "<group>";
		};
		44F620F11B29253D00DF111C /* LaunchScreen.xib */ = {
			isa = PBXVariantGroup;
			children = (
				44F620F21B29253D00DF111C /* Base */,
			);
			name = LaunchScreen.xib;
			sourceTree = "<group>";
		};
/* End PBXVariantGroup section */

/* Begin XCBuildConfiguration section */
		44F621001B29253D00DF111C /* Debug */ = {
			isa = XCBuildConfiguration;
			buildSettings = {
				ALWAYS_SEARCH_USER_PATHS = NO;
				CLANG_CXX_LANGUAGE_STANDARD = "gnu++0x";
				CLANG_CXX_LIBRARY = "libc++";
				CLANG_ENABLE_MODULES = YES;
				CLANG_ENABLE_OBJC_ARC = YES;
				CLANG_WARN_BOOL_CONVERSION = YES;
				CLANG_WARN_CONSTANT_CONVERSION = YES;
				CLANG_WARN_DIRECT_OBJC_ISA_USAGE = YES_ERROR;
				CLANG_WARN_EMPTY_BODY = YES;
				CLANG_WARN_ENUM_CONVERSION = YES;
				CLANG_WARN_INT_CONVERSION = YES;
				CLANG_WARN_OBJC_ROOT_CLASS = YES_ERROR;
				CLANG_WARN_UNREACHABLE_CODE = YES;
				CLANG_WARN__DUPLICATE_METHOD_MATCH = YES;
				"CODE_SIGN_IDENTITY[sdk=iphoneos*]" = "iPhone Developer";
				COPY_PHASE_STRIP = NO;
				DEBUG_INFORMATION_FORMAT = "dwarf-with-dsym";
				ENABLE_STRICT_OBJC_MSGSEND = YES;
				GCC_C_LANGUAGE_STANDARD = gnu99;
				GCC_DYNAMIC_NO_PIC = NO;
				GCC_NO_COMMON_BLOCKS = YES;
				GCC_OPTIMIZATION_LEVEL = 0;
				GCC_PREPROCESSOR_DEFINITIONS = (
					"DEBUG=1",
					"$(inherited)",
				);
				GCC_SYMBOLS_PRIVATE_EXTERN = NO;
				GCC_WARN_64_TO_32_BIT_CONVERSION = YES;
				GCC_WARN_ABOUT_RETURN_TYPE = YES_ERROR;
				GCC_WARN_UNDECLARED_SELECTOR = YES;
				GCC_WARN_UNINITIALIZED_AUTOS = YES_AGGRESSIVE;
				GCC_WARN_UNUSED_FUNCTION = YES;
				GCC_WARN_UNUSED_VARIABLE = YES;
				IPHONEOS_DEPLOYMENT_TARGET = 8.3;
				MTL_ENABLE_DEBUG_INFO = YES;
				ONLY_ACTIVE_ARCH = YES;
				SDKROOT = iphoneos;
				SWIFT_OPTIMIZATION_LEVEL = "-Onone";
				TARGETED_DEVICE_FAMILY = "1,2";
			};
			name = Debug;
		};
		44F621011B29253D00DF111C /* Release */ = {
			isa = XCBuildConfiguration;
			buildSettings = {
				ALWAYS_SEARCH_USER_PATHS = NO;
				CLANG_CXX_LANGUAGE_STANDARD = "gnu++0x";
				CLANG_CXX_LIBRARY = "libc++";
				CLANG_ENABLE_MODULES = YES;
				CLANG_ENABLE_OBJC_ARC = YES;
				CLANG_WARN_BOOL_CONVERSION = YES;
				CLANG_WARN_CONSTANT_CONVERSION = YES;
				CLANG_WARN_DIRECT_OBJC_ISA_USAGE = YES_ERROR;
				CLANG_WARN_EMPTY_BODY = YES;
				CLANG_WARN_ENUM_CONVERSION = YES;
				CLANG_WARN_INT_CONVERSION = YES;
				CLANG_WARN_OBJC_ROOT_CLASS = YES_ERROR;
				CLANG_WARN_UNREACHABLE_CODE = YES;
				CLANG_WARN__DUPLICATE_METHOD_MATCH = YES;
				"CODE_SIGN_IDENTITY[sdk=iphoneos*]" = "iPhone Developer";
				COPY_PHASE_STRIP = NO;
				DEBUG_INFORMATION_FORMAT = "dwarf-with-dsym";
				ENABLE_NS_ASSERTIONS = NO;
				ENABLE_STRICT_OBJC_MSGSEND = YES;
				GCC_C_LANGUAGE_STANDARD = gnu99;
				GCC_NO_COMMON_BLOCKS = YES;
				GCC_WARN_64_TO_32_BIT_CONVERSION = YES;
				GCC_WARN_ABOUT_RETURN_TYPE = YES_ERROR;
				GCC_WARN_UNDECLARED_SELECTOR = YES;
				GCC_WARN_UNINITIALIZED_AUTOS = YES_AGGRESSIVE;
				GCC_WARN_UNUSED_FUNCTION = YES;
				GCC_WARN_UNUSED_VARIABLE = YES;
				IPHONEOS_DEPLOYMENT_TARGET = 8.3;
				MTL_ENABLE_DEBUG_INFO = NO;
				SDKROOT = iphoneos;
				TARGETED_DEVICE_FAMILY = "1,2";
				VALIDATE_PRODUCT = YES;
			};
			name = Release;
		};
		44F621031B29253D00DF111C /* Debug */ = {
			isa = XCBuildConfiguration;
			buildSettings = {
				ASSETCATALOG_COMPILER_APPICON_NAME = AppIcon;
				INFOPLIST_FILE = WebView/Info.plist;
				LD_RUNPATH_SEARCH_PATHS = "$(inherited) @executable_path/Frameworks";
				PRODUCT_NAME = "$(TARGET_NAME)";
			};
			name = Debug;
		};
		44F621041B29253D00DF111C /* Release */ = {
			isa = XCBuildConfiguration;
			buildSettings = {
				ASSETCATALOG_COMPILER_APPICON_NAME = AppIcon;
				INFOPLIST_FILE = WebView/Info.plist;
				LD_RUNPATH_SEARCH_PATHS = "$(inherited) @executable_path/Frameworks";
				PRODUCT_NAME = "$(TARGET_NAME)";
			};
			name = Release;
		};
		44F621061B29253D00DF111C /* Debug */ = {
			isa = XCBuildConfiguration;
			buildSettings = {
				BUNDLE_LOADER = "$(TEST_HOST)";
				FRAMEWORK_SEARCH_PATHS = (
					"$(SDKROOT)/Developer/Library/Frameworks",
					"$(inherited)",
				);
				GCC_PREPROCESSOR_DEFINITIONS = (
					"DEBUG=1",
					"$(inherited)",
				);
				INFOPLIST_FILE = WebViewTests/Info.plist;
				LD_RUNPATH_SEARCH_PATHS = "$(inherited) @executable_path/Frameworks @loader_path/Frameworks";
				PRODUCT_NAME = "$(TARGET_NAME)";
				TEST_HOST = "$(BUILT_PRODUCTS_DIR)/WebView.app/WebView";
			};
			name = Debug;
		};
		44F621071B29253D00DF111C /* Release */ = {
			isa = XCBuildConfiguration;
			buildSettings = {
				BUNDLE_LOADER = "$(TEST_HOST)";
				FRAMEWORK_SEARCH_PATHS = (
					"$(SDKROOT)/Developer/Library/Frameworks",
					"$(inherited)",
				);
				INFOPLIST_FILE = WebViewTests/Info.plist;
				LD_RUNPATH_SEARCH_PATHS = "$(inherited) @executable_path/Frameworks @loader_path/Frameworks";
				PRODUCT_NAME = "$(TARGET_NAME)";
				TEST_HOST = "$(BUILT_PRODUCTS_DIR)/WebView.app/WebView";
			};
			name = Release;
		};
/* End XCBuildConfiguration section */

/* Begin XCConfigurationList section */
		44F620DE1B29253D00DF111C /* Build configuration list for PBXProject "WebView" */ = {
			isa = XCConfigurationList;
			buildConfigurations = (
				44F621001B29253D00DF111C /* Debug */,
				44F621011B29253D00DF111C /* Release */,
			);
			defaultConfigurationIsVisible = 0;
			defaultConfigurationName = Release;
		};
		44F621021B29253D00DF111C /* Build configuration list for PBXNativeTarget "WebView" */ = {
			isa = XCConfigurationList;
			buildConfigurations = (
				44F621031B29253D00DF111C /* Debug */,
				44F621041B29253D00DF111C /* Release */,
			);
			defaultConfigurationIsVisible = 0;
		};
		44F621051B29253D00DF111C /* Build configuration list for PBXNativeTarget "WebViewTests" */ = {
			isa = XCConfigurationList;
			buildConfigurations = (
				44F621061B29253D00DF111C /* Debug */,
				44F621071B29253D00DF111C /* Release */,
			);
			defaultConfigurationIsVisible = 0;
		};
/* End XCConfigurationList section */
	};
	rootObject = 44F620DB1B29253D00DF111C /* Project object */;
}
